// !$*UTF8*$!
{
	archiveVersion = 1;
	classes = {
	};
	objectVersion = 56;
	objects = {

/* Begin PBXBuildFile section */
		3EA5C45D29D6071800DEB5D0 /* WatchConnectivityManager.swift in Sources */ = {isa = PBXBuildFile; fileRef = 3EA5C45C29D6071800DEB5D0 /* WatchConnectivityManager.swift */; };
		3EA5C45E29D6071800DEB5D0 /* WatchConnectivityManager.swift in Sources */ = {isa = PBXBuildFile; fileRef = 3EA5C45C29D6071800DEB5D0 /* WatchConnectivityManager.swift */; };
		3EBE464829D3BA1B00743A3A /* PhoneWatcherApp.swift in Sources */ = {isa = PBXBuildFile; fileRef = 3EBE464729D3BA1B00743A3A /* PhoneWatcherApp.swift */; };
		3EBE464A29D3BA1B00743A3A /* ContentView.swift in Sources */ = {isa = PBXBuildFile; fileRef = 3EBE464929D3BA1B00743A3A /* ContentView.swift */; };
		3EBE464C29D3BA1C00743A3A /* Assets.xcassets in Resources */ = {isa = PBXBuildFile; fileRef = 3EBE464B29D3BA1C00743A3A /* Assets.xcassets */; };
		3EBE464F29D3BA1C00743A3A /* Preview Assets.xcassets in Resources */ = {isa = PBXBuildFile; fileRef = 3EBE464E29D3BA1C00743A3A /* Preview Assets.xcassets */; };
		3EBE465529D3BA1C00743A3A /* PhoneWatcher Watch App.app in Embed Watch Content */ = {isa = PBXBuildFile; fileRef = 3EBE465429D3BA1C00743A3A /* PhoneWatcher Watch App.app */; settings = {ATTRIBUTES = (RemoveHeadersOnCopy, ); }; };
		3EBE465A29D3BA1C00743A3A /* PhoneWatcherApp.swift in Sources */ = {isa = PBXBuildFile; fileRef = 3EBE465929D3BA1C00743A3A /* PhoneWatcherApp.swift */; };
		3EBE465C29D3BA1C00743A3A /* ContentView.swift in Sources */ = {isa = PBXBuildFile; fileRef = 3EBE465B29D3BA1C00743A3A /* ContentView.swift */; };
		3EBE465E29D3BA1D00743A3A /* Assets.xcassets in Resources */ = {isa = PBXBuildFile; fileRef = 3EBE465D29D3BA1D00743A3A /* Assets.xcassets */; };
		3EBE466129D3BA1D00743A3A /* Preview Assets.xcassets in Resources */ = {isa = PBXBuildFile; fileRef = 3EBE466029D3BA1D00743A3A /* Preview Assets.xcassets */; };
/* End PBXBuildFile section */

/* Begin PBXContainerItemProxy section */
		3EBE465629D3BA1C00743A3A /* PBXContainerItemProxy */ = {
			isa = PBXContainerItemProxy;
			containerPortal = 3EBE463C29D3BA1A00743A3A /* Project object */;
			proxyType = 1;
			remoteGlobalIDString = 3EBE465329D3BA1C00743A3A;
			remoteInfo = "PhoneWatcher Watch App";
		};
/* End PBXContainerItemProxy section */

/* Begin PBXCopyFilesBuildPhase section */
		3EBE466729D3BA1D00743A3A /* Embed Watch Content */ = {
			isa = PBXCopyFilesBuildPhase;
			buildActionMask = 2147483647;
			dstPath = "$(CONTENTS_FOLDER_PATH)/Watch";
			dstSubfolderSpec = 16;
			files = (
				3EBE465529D3BA1C00743A3A /* PhoneWatcher Watch App.app in Embed Watch Content */,
			);
			name = "Embed Watch Content";
			runOnlyForDeploymentPostprocessing = 0;
		};
/* End PBXCopyFilesBuildPhase section */

/* Begin PBXFileReference section */
		3EA5C45C29D6071800DEB5D0 /* WatchConnectivityManager.swift */ = {isa = PBXFileReference; fileEncoding = 4; lastKnownFileType = sourcecode.swift; path = WatchConnectivityManager.swift; sourceTree = SOURCE_ROOT; };
		3EBE464429D3BA1B00743A3A /* PhoneWatcher.app */ = {isa = PBXFileReference; explicitFileType = wrapper.application; includeInIndex = 0; path = PhoneWatcher.app; sourceTree = BUILT_PRODUCTS_DIR; };
		3EBE464729D3BA1B00743A3A /* PhoneWatcherApp.swift */ = {isa = PBXFileReference; lastKnownFileType = sourcecode.swift; path = PhoneWatcherApp.swift; sourceTree = "<group>"; };
		3EBE464929D3BA1B00743A3A /* ContentView.swift */ = {isa = PBXFileReference; lastKnownFileType = sourcecode.swift; path = ContentView.swift; sourceTree = "<group>"; };
		3EBE464B29D3BA1C00743A3A /* Assets.xcassets */ = {isa = PBXFileReference; lastKnownFileType = folder.assetcatalog; path = Assets.xcassets; sourceTree = "<group>"; };
		3EBE464E29D3BA1C00743A3A /* Preview Assets.xcassets */ = {isa = PBXFileReference; lastKnownFileType = folder.assetcatalog; path = "Preview Assets.xcassets"; sourceTree = "<group>"; };
		3EBE465429D3BA1C00743A3A /* PhoneWatcher Watch App.app */ = {isa = PBXFileReference; explicitFileType = wrapper.application; includeInIndex = 0; path = "PhoneWatcher Watch App.app"; sourceTree = BUILT_PRODUCTS_DIR; };
		3EBE465929D3BA1C00743A3A /* PhoneWatcherApp.swift */ = {isa = PBXFileReference; lastKnownFileType = sourcecode.swift; path = PhoneWatcherApp.swift; sourceTree = "<group>"; };
		3EBE465B29D3BA1C00743A3A /* ContentView.swift */ = {isa = PBXFileReference; lastKnownFileType = sourcecode.swift; path = ContentView.swift; sourceTree = "<group>"; };
		3EBE465D29D3BA1D00743A3A /* Assets.xcassets */ = {isa = PBXFileReference; lastKnownFileType = folder.assetcatalog; path = Assets.xcassets; sourceTree = "<group>"; };
		3EBE466029D3BA1D00743A3A /* Preview Assets.xcassets */ = {isa = PBXFileReference; lastKnownFileType = folder.assetcatalog; path = "Preview Assets.xcassets"; sourceTree = "<group>"; };
/* End PBXFileReference section */

/* Begin PBXFrameworksBuildPhase section */
		3EBE464129D3BA1B00743A3A /* Frameworks */ = {
			isa = PBXFrameworksBuildPhase;
			buildActionMask = 2147483647;
			files = (
			);
			runOnlyForDeploymentPostprocessing = 0;
		};
		3EBE465129D3BA1C00743A3A /* Frameworks */ = {
			isa = PBXFrameworksBuildPhase;
			buildActionMask = 2147483647;
			files = (
			);
			runOnlyForDeploymentPostprocessing = 0;
		};
/* End PBXFrameworksBuildPhase section */

/* Begin PBXGroup section */
		3EBE463B29D3BA1A00743A3A = {
			isa = PBXGroup;
			children = (
				3EBE464629D3BA1B00743A3A /* PhoneWatcher */,
				3EBE465829D3BA1C00743A3A /* PhoneWatcher Watch App */,
				3EBE464529D3BA1B00743A3A /* Products */,
			);
			sourceTree = "<group>";
		};
		3EBE464529D3BA1B00743A3A /* Products */ = {
			isa = PBXGroup;
			children = (
				3EBE464429D3BA1B00743A3A /* PhoneWatcher.app */,
				3EBE465429D3BA1C00743A3A /* PhoneWatcher Watch App.app */,
			);
			name = Products;
			sourceTree = "<group>";
		};
		3EBE464629D3BA1B00743A3A /* PhoneWatcher */ = {
			isa = PBXGroup;
			children = (
				3EBE464729D3BA1B00743A3A /* PhoneWatcherApp.swift */,
				3EBE464929D3BA1B00743A3A /* ContentView.swift */,
				3EA5C45C29D6071800DEB5D0 /* WatchConnectivityManager.swift */,
				3EBE464B29D3BA1C00743A3A /* Assets.xcassets */,
				3EBE464D29D3BA1C00743A3A /* Preview Content */,
			);
			path = PhoneWatcher;
			sourceTree = "<group>";
		};
		3EBE464D29D3BA1C00743A3A /* Preview Content */ = {
			isa = PBXGroup;
			children = (
				3EBE464E29D3BA1C00743A3A /* Preview Assets.xcassets */,
			);
			path = "Preview Content";
			sourceTree = "<group>";
		};
		3EBE465829D3BA1C00743A3A /* PhoneWatcher Watch App */ = {
			isa = PBXGroup;
			children = (
				3EBE465929D3BA1C00743A3A /* PhoneWatcherApp.swift */,
				3EBE465B29D3BA1C00743A3A /* ContentView.swift */,
				3EBE465D29D3BA1D00743A3A /* Assets.xcassets */,
				3EBE465F29D3BA1D00743A3A /* Preview Content */,
			);
			path = "PhoneWatcher Watch App";
			sourceTree = "<group>";
		};
		3EBE465F29D3BA1D00743A3A /* Preview Content */ = {
			isa = PBXGroup;
			children = (
				3EBE466029D3BA1D00743A3A /* Preview Assets.xcassets */,
			);
			path = "Preview Content";
			sourceTree = "<group>";
		};
/* End PBXGroup section */

/* Begin PBXNativeTarget section */
		3EBE464329D3BA1B00743A3A /* PhoneWatcher */ = {
			isa = PBXNativeTarget;
			buildConfigurationList = 3EBE466829D3BA1D00743A3A /* Build configuration list for PBXNativeTarget "PhoneWatcher" */;
			buildPhases = (
				3EBE464029D3BA1B00743A3A /* Sources */,
				3EBE464129D3BA1B00743A3A /* Frameworks */,
				3EBE464229D3BA1B00743A3A /* Resources */,
				3EBE466729D3BA1D00743A3A /* Embed Watch Content */,
			);
			buildRules = (
			);
			dependencies = (
				3EBE465729D3BA1C00743A3A /* PBXTargetDependency */,
			);
			name = PhoneWatcher;
			productName = PhoneWatcher;
			productReference = 3EBE464429D3BA1B00743A3A /* PhoneWatcher.app */;
			productType = "com.apple.product-type.application";
		};
		3EBE465329D3BA1C00743A3A /* PhoneWatcher Watch App */ = {
			isa = PBXNativeTarget;
			buildConfigurationList = 3EBE466429D3BA1D00743A3A /* Build configuration list for PBXNativeTarget "PhoneWatcher Watch App" */;
			buildPhases = (
				3EBE465029D3BA1C00743A3A /* Sources */,
				3EBE465129D3BA1C00743A3A /* Frameworks */,
				3EBE465229D3BA1C00743A3A /* Resources */,
			);
			buildRules = (
			);
			dependencies = (
			);
			name = "PhoneWatcher Watch App";
			productName = "PhoneWatcher Watch App";
			productReference = 3EBE465429D3BA1C00743A3A /* PhoneWatcher Watch App.app */;
			productType = "com.apple.product-type.application";
		};
/* End PBXNativeTarget section */

/* Begin PBXProject section */
		3EBE463C29D3BA1A00743A3A /* Project object */ = {
			isa = PBXProject;
			attributes = {
				BuildIndependentTargetsInParallel = 1;
				LastSwiftUpdateCheck = 1420;
				LastUpgradeCheck = 1420;
				TargetAttributes = {
					3EBE464329D3BA1B00743A3A = {
						CreatedOnToolsVersion = 14.2;
					};
					3EBE465329D3BA1C00743A3A = {
						CreatedOnToolsVersion = 14.2;
					};
				};
			};
			buildConfigurationList = 3EBE463F29D3BA1A00743A3A /* Build configuration list for PBXProject "PhoneWatcher" */;
			compatibilityVersion = "Xcode 14.0";
			developmentRegion = en;
			hasScannedForEncodings = 0;
			knownRegions = (
				en,
				Base,
			);
			mainGroup = 3EBE463B29D3BA1A00743A3A;
			productRefGroup = 3EBE464529D3BA1B00743A3A /* Products */;
			projectDirPath = "";
			projectRoot = "";
			targets = (
				3EBE464329D3BA1B00743A3A /* PhoneWatcher */,
				3EBE465329D3BA1C00743A3A /* PhoneWatcher Watch App */,
			);
		};
/* End PBXProject section */

/* Begin PBXResourcesBuildPhase section */
		3EBE464229D3BA1B00743A3A /* Resources */ = {
			isa = PBXResourcesBuildPhase;
			buildActionMask = 2147483647;
			files = (
				3EBE464F29D3BA1C00743A3A /* Preview Assets.xcassets in Resources */,
				3EBE464C29D3BA1C00743A3A /* Assets.xcassets in Resources */,
			);
			runOnlyForDeploymentPostprocessing = 0;
		};
		3EBE465229D3BA1C00743A3A /* Resources */ = {
			isa = PBXResourcesBuildPhase;
			buildActionMask = 2147483647;
			files = (
				3EBE466129D3BA1D00743A3A /* Preview Assets.xcassets in Resources */,
				3EBE465E29D3BA1D00743A3A /* Assets.xcassets in Resources */,
			);
			runOnlyForDeploymentPostprocessing = 0;
		};
/* End PBXResourcesBuildPhase section */

/* Begin PBXSourcesBuildPhase section */
		3EBE464029D3BA1B00743A3A /* Sources */ = {
			isa = PBXSourcesBuildPhase;
			buildActionMask = 2147483647;
			files = (
				3EBE464A29D3BA1B00743A3A /* ContentView.swift in Sources */,
				3EA5C45D29D6071800DEB5D0 /* WatchConnectivityManager.swift in Sources */,
				3EBE464829D3BA1B00743A3A /* PhoneWatcherApp.swift in Sources */,
			);
			runOnlyForDeploymentPostprocessing = 0;
		};
		3EBE465029D3BA1C00743A3A /* Sources */ = {
			isa = PBXSourcesBuildPhase;
			buildActionMask = 2147483647;
			files = (
				3EBE465C29D3BA1C00743A3A /* ContentView.swift in Sources */,
				3EA5C45E29D6071800DEB5D0 /* WatchConnectivityManager.swift in Sources */,
				3EBE465A29D3BA1C00743A3A /* PhoneWatcherApp.swift in Sources */,
			);
			runOnlyForDeploymentPostprocessing = 0;
		};
/* End PBXSourcesBuildPhase section */

/* Begin PBXTargetDependency section */
		3EBE465729D3BA1C00743A3A /* PBXTargetDependency */ = {
			isa = PBXTargetDependency;
			target = 3EBE465329D3BA1C00743A3A /* PhoneWatcher Watch App */;
			targetProxy = 3EBE465629D3BA1C00743A3A /* PBXContainerItemProxy */;
		};
/* End PBXTargetDependency section */

/* Begin XCBuildConfiguration section */
		3EBE466229D3BA1D00743A3A /* Debug */ = {
			isa = XCBuildConfiguration;
			buildSettings = {
				ALWAYS_SEARCH_USER_PATHS = NO;
				CLANG_ANALYZER_NONNULL = YES;
				CLANG_ANALYZER_NUMBER_OBJECT_CONVERSION = YES_AGGRESSIVE;
				CLANG_CXX_LANGUAGE_STANDARD = "gnu++20";
				CLANG_ENABLE_MODULES = YES;
				CLANG_ENABLE_OBJC_ARC = YES;
				CLANG_ENABLE_OBJC_WEAK = YES;
				CLANG_WARN_BLOCK_CAPTURE_AUTORELEASING = YES;
				CLANG_WARN_BOOL_CONVERSION = YES;
				CLANG_WARN_COMMA = YES;
				CLANG_WARN_CONSTANT_CONVERSION = YES;
				CLANG_WARN_DEPRECATED_OBJC_IMPLEMENTATIONS = YES;
				CLANG_WARN_DIRECT_OBJC_ISA_USAGE = YES_ERROR;
				CLANG_WARN_DOCUMENTATION_COMMENTS = YES;
				CLANG_WARN_EMPTY_BODY = YES;
				CLANG_WARN_ENUM_CONVERSION = YES;
				CLANG_WARN_INFINITE_RECURSION = YES;
				CLANG_WARN_INT_CONVERSION = YES;
				CLANG_WARN_NON_LITERAL_NULL_CONVERSION = YES;
				CLANG_WARN_OBJC_IMPLICIT_RETAIN_SELF = YES;
				CLANG_WARN_OBJC_LITERAL_CONVERSION = YES;
				CLANG_WARN_OBJC_ROOT_CLASS = YES_ERROR;
				CLANG_WARN_QUOTED_INCLUDE_IN_FRAMEWORK_HEADER = YES;
				CLANG_WARN_RANGE_LOOP_ANALYSIS = YES;
				CLANG_WARN_STRICT_PROTOTYPES = YES;
				CLANG_WARN_SUSPICIOUS_MOVE = YES;
				CLANG_WARN_UNGUARDED_AVAILABILITY = YES_AGGRESSIVE;
				CLANG_WARN_UNREACHABLE_CODE = YES;
				CLANG_WARN__DUPLICATE_METHOD_MATCH = YES;
				COPY_PHASE_STRIP = NO;
				DEBUG_INFORMATION_FORMAT = dwarf;
				ENABLE_STRICT_OBJC_MSGSEND = YES;
				ENABLE_TESTABILITY = YES;
				GCC_C_LANGUAGE_STANDARD = gnu11;
				GCC_DYNAMIC_NO_PIC = NO;
				GCC_NO_COMMON_BLOCKS = YES;
				GCC_OPTIMIZATION_LEVEL = 0;
				GCC_PREPROCESSOR_DEFINITIONS = (
					"DEBUG=1",
					"$(inherited)",
				);
				GCC_WARN_64_TO_32_BIT_CONVERSION = YES;
				GCC_WARN_ABOUT_RETURN_TYPE = YES_ERROR;
				GCC_WARN_UNDECLARED_SELECTOR = YES;
				GCC_WARN_UNINITIALIZED_AUTOS = YES_AGGRESSIVE;
				GCC_WARN_UNUSED_FUNCTION = YES;
				GCC_WARN_UNUSED_VARIABLE = YES;
				MTL_ENABLE_DEBUG_INFO = INCLUDE_SOURCE;
				MTL_FAST_MATH = YES;
				ONLY_ACTIVE_ARCH = YES;
				SWIFT_ACTIVE_COMPILATION_CONDITIONS = DEBUG;
				SWIFT_OPTIMIZATION_LEVEL = "-Onone";
			};
			name = Debug;
		};
		3EBE466329D3BA1D00743A3A /* Release */ = {
			isa = XCBuildConfiguration;
			buildSettings = {
				ALWAYS_SEARCH_USER_PATHS = NO;
				CLANG_ANALYZER_NONNULL = YES;
				CLANG_ANALYZER_NUMBER_OBJECT_CONVERSION = YES_AGGRESSIVE;
				CLANG_CXX_LANGUAGE_STANDARD = "gnu++20";
				CLANG_ENABLE_MODULES = YES;
				CLANG_ENABLE_OBJC_ARC = YES;
				CLANG_ENABLE_OBJC_WEAK = YES;
				CLANG_WARN_BLOCK_CAPTURE_AUTORELEASING = YES;
				CLANG_WARN_BOOL_CONVERSION = YES;
				CLANG_WARN_COMMA = YES;
				CLANG_WARN_CONSTANT_CONVERSION = YES;
				CLANG_WARN_DEPRECATED_OBJC_IMPLEMENTATIONS = YES;
				CLANG_WARN_DIRECT_OBJC_ISA_USAGE = YES_ERROR;
				CLANG_WARN_DOCUMENTATION_COMMENTS = YES;
				CLANG_WARN_EMPTY_BODY = YES;
				CLANG_WARN_ENUM_CONVERSION = YES;
				CLANG_WARN_INFINITE_RECURSION = YES;
				CLANG_WARN_INT_CONVERSION = YES;
				CLANG_WARN_NON_LITERAL_NULL_CONVERSION = YES;
				CLANG_WARN_OBJC_IMPLICIT_RETAIN_SELF = YES;
				CLANG_WARN_OBJC_LITERAL_CONVERSION = YES;
				CLANG_WARN_OBJC_ROOT_CLASS = YES_ERROR;
				CLANG_WARN_QUOTED_INCLUDE_IN_FRAMEWORK_HEADER = YES;
				CLANG_WARN_RANGE_LOOP_ANALYSIS = YES;
				CLANG_WARN_STRICT_PROTOTYPES = YES;
				CLANG_WARN_SUSPICIOUS_MOVE = YES;
				CLANG_WARN_UNGUARDED_AVAILABILITY = YES_AGGRESSIVE;
				CLANG_WARN_UNREACHABLE_CODE = YES;
				CLANG_WARN__DUPLICATE_METHOD_MATCH = YES;
				COPY_PHASE_STRIP = NO;
				DEBUG_INFORMATION_FORMAT = "dwarf-with-dsym";
				ENABLE_NS_ASSERTIONS = NO;
				ENABLE_STRICT_OBJC_MSGSEND = YES;
				GCC_C_LANGUAGE_STANDARD = gnu11;
				GCC_NO_COMMON_BLOCKS = YES;
				GCC_WARN_64_TO_32_BIT_CONVERSION = YES;
				GCC_WARN_ABOUT_RETURN_TYPE = YES_ERROR;
				GCC_WARN_UNDECLARED_SELECTOR = YES;
				GCC_WARN_UNINITIALIZED_AUTOS = YES_AGGRESSIVE;
				GCC_WARN_UNUSED_FUNCTION = YES;
				GCC_WARN_UNUSED_VARIABLE = YES;
				MTL_ENABLE_DEBUG_INFO = NO;
				MTL_FAST_MATH = YES;
				SWIFT_COMPILATION_MODE = wholemodule;
				SWIFT_OPTIMIZATION_LEVEL = "-O";
			};
			name = Release;
		};
		3EBE466529D3BA1D00743A3A /* Debug */ = {
			isa = XCBuildConfiguration;
			buildSettings = {
				ASSETCATALOG_COMPILER_APPICON_NAME = AppIcon;
				ASSETCATALOG_COMPILER_GLOBAL_ACCENT_COLOR_NAME = AccentColor;
				CODE_SIGN_STYLE = Automatic;
				CURRENT_PROJECT_VERSION = 1;
				DEVELOPMENT_ASSET_PATHS = "\"PhoneWatcher Watch App/Preview Content\"";
				DEVELOPMENT_TEAM = 44R5U7A858;
				ENABLE_PREVIEWS = YES;
				GENERATE_INFOPLIST_FILE = YES;
				INFOPLIST_KEY_CFBundleDisplayName = PhoneWatcher;
				INFOPLIST_KEY_UISupportedInterfaceOrientations = "UIInterfaceOrientationPortrait UIInterfaceOrientationPortraitUpsideDown";
				INFOPLIST_KEY_WKCompanionAppBundleIdentifier = com.calvincchan.PhoneWatcher;
				LD_RUNPATH_SEARCH_PATHS = (
					"$(inherited)",
					"@executable_path/Frameworks",
				);
				MARKETING_VERSION = 1.0;
				PRODUCT_BUNDLE_IDENTIFIER = com.calvincchan.PhoneWatcher.watchkitapp;
				PRODUCT_NAME = "$(TARGET_NAME)";
				SDKROOT = watchos;
				SKIP_INSTALL = YES;
				SWIFT_EMIT_LOC_STRINGS = YES;
				SWIFT_VERSION = 5.0;
				TARGETED_DEVICE_FAMILY = 4;
				WATCHOS_DEPLOYMENT_TARGET = 9.1;
			};
			name = Debug;
		};
		3EBE466629D3BA1D00743A3A /* Release */ = {
			isa = XCBuildConfiguration;
			buildSettings = {
				ASSETCATALOG_COMPILER_APPICON_NAME = AppIcon;
				ASSETCATALOG_COMPILER_GLOBAL_ACCENT_COLOR_NAME = AccentColor;
				CODE_SIGN_STYLE = Automatic;
				CURRENT_PROJECT_VERSION = 1;
				DEVELOPMENT_ASSET_PATHS = "\"PhoneWatcher Watch App/Preview Content\"";
				DEVELOPMENT_TEAM = 44R5U7A858;
				ENABLE_PREVIEWS = YES;
				GENERATE_INFOPLIST_FILE = YES;
				INFOPLIST_KEY_CFBundleDisplayName = PhoneWatcher;
				INFOPLIST_KEY_UISupportedInterfaceOrientations = "UIInterfaceOrientationPortrait UIInterfaceOrientationPortraitUpsideDown";
				INFOPLIST_KEY_WKCompanionAppBundleIdentifier = com.calvincchan.PhoneWatcher;
				LD_RUNPATH_SEARCH_PATHS = (
					"$(inherited)",
					"@executable_path/Frameworks",
				);
				MARKETING_VERSION = 1.0;
				PRODUCT_BUNDLE_IDENTIFIER = com.calvincchan.PhoneWatcher.watchkitapp;
				PRODUCT_NAME = "$(TARGET_NAME)";
				SDKROOT = watchos;
				SKIP_INSTALL = YES;
				SWIFT_EMIT_LOC_STRINGS = YES;
				SWIFT_VERSION = 5.0;
				TARGETED_DEVICE_FAMILY = 4;
				VALIDATE_PRODUCT = YES;
				WATCHOS_DEPLOYMENT_TARGET = 9.1;
			};
			name = Release;
		};
		3EBE466929D3BA1D00743A3A /* Debug */ = {
			isa = XCBuildConfiguration;
			buildSettings = {
				ALWAYS_EMBED_SWIFT_STANDARD_LIBRARIES = YES;
				ASSETCATALOG_COMPILER_APPICON_NAME = AppIcon;
				ASSETCATALOG_COMPILER_GLOBAL_ACCENT_COLOR_NAME = AccentColor;
				CODE_SIGN_STYLE = Automatic;
				CURRENT_PROJECT_VERSION = 1;
				DEVELOPMENT_ASSET_PATHS = "\"PhoneWatcher/Preview Content\"";
				DEVELOPMENT_TEAM = 44R5U7A858;
				ENABLE_PREVIEWS = YES;
				GENERATE_INFOPLIST_FILE = YES;
				INFOPLIST_KEY_CFBundleDisplayName = PhoneWatcher;
				INFOPLIST_KEY_UIApplicationSceneManifest_Generation = YES;
				INFOPLIST_KEY_UIApplicationSupportsIndirectInputEvents = YES;
				INFOPLIST_KEY_UILaunchScreen_Generation = YES;
				INFOPLIST_KEY_UISupportedInterfaceOrientations_iPad = "UIInterfaceOrientationPortrait UIInterfaceOrientationPortraitUpsideDown UIInterfaceOrientationLandscapeLeft UIInterfaceOrientationLandscapeRight";
				INFOPLIST_KEY_UISupportedInterfaceOrientations_iPhone = "UIInterfaceOrientationPortrait UIInterfaceOrientationLandscapeLeft UIInterfaceOrientationLandscapeRight";
				IPHONEOS_DEPLOYMENT_TARGET = 16.2;
				LD_RUNPATH_SEARCH_PATHS = (
					"$(inherited)",
					"@executable_path/Frameworks",
				);
				MARKETING_VERSION = 1.0;
				PRODUCT_BUNDLE_IDENTIFIER = com.calvincchan.PhoneWatcher;
				PRODUCT_NAME = "$(TARGET_NAME)";
				SDKROOT = iphoneos;
				SWIFT_EMIT_LOC_STRINGS = YES;
				SWIFT_VERSION = 5.0;
				TARGETED_DEVICE_FAMILY = "1,2";
			};
			name = Debug;
		};
		3EBE466A29D3BA1D00743A3A /* Release */ = {
			isa = XCBuildConfiguration;
			buildSettings = {
				ALWAYS_EMBED_SWIFT_STANDARD_LIBRARIES = YES;
				ASSETCATALOG_COMPILER_APPICON_NAME = AppIcon;
				ASSETCATALOG_COMPILER_GLOBAL_ACCENT_COLOR_NAME = AccentColor;
				CODE_SIGN_STYLE = Automatic;
				CURRENT_PROJECT_VERSION = 1;
				DEVELOPMENT_ASSET_PATHS = "\"PhoneWatcher/Preview Content\"";
				DEVELOPMENT_TEAM = 44R5U7A858;
				ENABLE_PREVIEWS = YES;
				GENERATE_INFOPLIST_FILE = YES;
				INFOPLIST_KEY_CFBundleDisplayName = PhoneWatcher;
				INFOPLIST_KEY_UIApplicationSceneManifest_Generation = YES;
				INFOPLIST_KEY_UIApplicationSupportsIndirectInputEvents = YES;
				INFOPLIST_KEY_UILaunchScreen_Generation = YES;
				INFOPLIST_KEY_UISupportedInterfaceOrientations_iPad = "UIInterfaceOrientationPortrait UIInterfaceOrientationPortraitUpsideDown UIInterfaceOrientationLandscapeLeft UIInterfaceOrientationLandscapeRight";
				INFOPLIST_KEY_UISupportedInterfaceOrientations_iPhone = "UIInterfaceOrientationPortrait UIInterfaceOrientationLandscapeLeft UIInterfaceOrientationLandscapeRight";
				IPHONEOS_DEPLOYMENT_TARGET = 16.2;
				LD_RUNPATH_SEARCH_PATHS = (
					"$(inherited)",
					"@executable_path/Frameworks",
				);
				MARKETING_VERSION = 1.0;
				PRODUCT_BUNDLE_IDENTIFIER = com.calvincchan.PhoneWatcher;
				PRODUCT_NAME = "$(TARGET_NAME)";
				SDKROOT = iphoneos;
				SWIFT_EMIT_LOC_STRINGS = YES;
				SWIFT_VERSION = 5.0;
				TARGETED_DEVICE_FAMILY = "1,2";
				VALIDATE_PRODUCT = YES;
			};
			name = Release;
		};
/* End XCBuildConfiguration section */

/* Begin XCConfigurationList section */
		3EBE463F29D3BA1A00743A3A /* Build configuration list for PBXProject "PhoneWatcher" */ = {
			isa = XCConfigurationList;
			buildConfigurations = (
				3EBE466229D3BA1D00743A3A /* Debug */,
				3EBE466329D3BA1D00743A3A /* Release */,
			);
			defaultConfigurationIsVisible = 0;
			defaultConfigurationName = Release;
		};
		3EBE466429D3BA1D00743A3A /* Build configuration list for PBXNativeTarget "PhoneWatcher Watch App" */ = {
			isa = XCConfigurationList;
			buildConfigurations = (
				3EBE466529D3BA1D00743A3A /* Debug */,
				3EBE466629D3BA1D00743A3A /* Release */,
			);
			defaultConfigurationIsVisible = 0;
			defaultConfigurationName = Release;
		};
		3EBE466829D3BA1D00743A3A /* Build configuration list for PBXNativeTarget "PhoneWatcher" */ = {
			isa = XCConfigurationList;
			buildConfigurations = (
				3EBE466929D3BA1D00743A3A /* Debug */,
				3EBE466A29D3BA1D00743A3A /* Release */,
			);
			defaultConfigurationIsVisible = 0;
			defaultConfigurationName = Release;
		};
/* End XCConfigurationList section */
	};
	rootObject = 3EBE463C29D3BA1A00743A3A /* Project object */;
}
